// !$*UTF8*$!
{
	archiveVersion = 1;
	classes = {
	};
	objectVersion = 54;
	objects = {

/* Begin PBXBuildFile section */
		05F7351D5B30880E49CA3FC8 /* Foundation.framework in Frameworks */ = {isa = PBXBuildFile; fileRef = 4D23AAB07AF3F35C72DCC581 /* Foundation.framework */; };
		2FAD9763203C412B000D30F8 /* config.xml in Resources */ = {isa = PBXBuildFile; fileRef = 2FAD9762203C412B000D30F8 /* config.xml */; };
		40897DB8D698C96CB8C49D92 /* Pods_CountdownWidget.framework in Frameworks */ = {isa = PBXBuildFile; fileRef = 584FD88E694BC60AF20B3F93 /* Pods_CountdownWidget.framework */; };
		50379B232058CBB4000EE86E /* capacitor.config.json in Resources */ = {isa = PBXBuildFile; fileRef = 50379B222058CBB4000EE86E /* capacitor.config.json */; };
		504EC3081FED79650016851F /* AppDelegate.swift in Sources */ = {isa = PBXBuildFile; fileRef = 504EC3071FED79650016851F /* AppDelegate.swift */; };
		504EC30D1FED79650016851F /* Main.storyboard in Resources */ = {isa = PBXBuildFile; fileRef = 504EC30B1FED79650016851F /* Main.storyboard */; };
		504EC30F1FED79650016851F /* Assets.xcassets in Resources */ = {isa = PBXBuildFile; fileRef = 504EC30E1FED79650016851F /* Assets.xcassets */; };
		504EC3121FED79650016851F /* LaunchScreen.storyboard in Resources */ = {isa = PBXBuildFile; fileRef = 504EC3101FED79650016851F /* LaunchScreen.storyboard */; };
		50B271D11FEDC1A000F3C39B /* public in Resources */ = {isa = PBXBuildFile; fileRef = 50B271D01FEDC1A000F3C39B /* public */; };
		A084ECDBA7D38E1E42DFC39D /* Pods_App.framework in Frameworks */ = {isa = PBXBuildFile; fileRef = AF277DCFFFF123FFC6DF26C7 /* Pods_App.framework */; };
		A60AD3392F1A581900BDE34B /* BuildInfoPlugin.swift in Sources */ = {isa = PBXBuildFile; fileRef = A60AD3382F1A581900BDE34B /* BuildInfoPlugin.swift */; };
		A63D32302F0BCF250063570B /* SmallWidgetView.swift in Sources */ = {isa = PBXBuildFile; fileRef = A63D322D2F0BCF250063570B /* SmallWidgetView.swift */; };
		A63D32312F0BCF250063570B /* SelectCountdownIntent.swift in Sources */ = {isa = PBXBuildFile; fileRef = A63D32262F0BCF250063570B /* SelectCountdownIntent.swift */; };
		A63D32332F0BCF250063570B /* EmptyWidgetView.swift in Sources */ = {isa = PBXBuildFile; fileRef = A63D32292F0BCF250063570B /* EmptyWidgetView.swift */; };
		A63D32342F0BCF250063570B /* MediumWidgetView.swift in Sources */ = {isa = PBXBuildFile; fileRef = A63D322C2F0BCF250063570B /* MediumWidgetView.swift */; };
		A63D32402F0BCF250063570B /* LockscreenWidgetView.swift in Sources */ = {isa = PBXBuildFile; fileRef = A63D323F2F0BCF250063570B /* LockscreenWidgetView.swift */; };
		A63D32352F0BCF250063570B /* WidgetDataSync.swift in Sources */ = {isa = PBXBuildFile; fileRef = A63D32272F0BCF250063570B /* WidgetDataSync.swift */; };
		A63D32362F0BCF250063570B /* CountdownEvent.swift in Sources */ = {isa = PBXBuildFile; fileRef = A63D32252F0BCF250063570B /* CountdownEvent.swift */; };
		EEE1110000000000000000A2 /* EmojiContainerShape.swift in Sources */ = {isa = PBXBuildFile; fileRef = EEE1110000000000000000A1 /* EmojiContainerShape.swift */; };
		A63D32372F0BCF250063570B /* Assets.xcassets in Resources */ = {isa = PBXBuildFile; fileRef = A63D32242F0BCF250063570B /* Assets.xcassets */; };
		A6D2DE2A2F0BE052001A82F2 /* CalendarPlugin.swift in Sources */ = {isa = PBXBuildFile; fileRef = A6D2DE282F0BE052001A82F2 /* CalendarPlugin.swift */; };
		A7B8C9D12F3E4A5600ABCDEF /* StoreKitDiagnosticsPlugin.swift in Sources */ = {isa = PBXBuildFile; fileRef = A7B8C9D02F3E4A5600ABCDEF /* StoreKitDiagnosticsPlugin.swift */; };
		B1C2D3E4F5A6B7C8D9E0F1A2 /* CountdownIntents.swift in Sources */ = {isa = PBXBuildFile; fileRef = B1C2D3E4F5A6B7C8D9E0F1A3 /* CountdownIntents.swift */; };
		B2C3D4E5F678901234567890A /* PrivacyInfo.xcprivacy in Resources */ = {isa = PBXBuildFile; fileRef = A1B2C3D4E5F6789012345678 /* PrivacyInfo.xcprivacy */; };
		B6174CD4190B08F557A8B211 /* CountdownWidget.swift in Sources */ = {isa = PBXBuildFile; fileRef = 23DE9C22ECC85FF6C0538F38 /* CountdownWidget.swift */; };
		D4E5F678901234567890ABCD /* PrivacyInfo.xcprivacy in Resources */ = {isa = PBXBuildFile; fileRef = E5F678901234567890ABCD /* PrivacyInfo.xcprivacy */; };
		E5DB9B45E898B0A532022637 /* CountdownWidget.appex in Embed Foundation Extensions */ = {isa = PBXBuildFile; fileRef = 0D1F3BFBDCF22C9A502EB8FD /* CountdownWidget.appex */; };
		E7F8A9B12F2C3D4E5F6A7B8C9 /* EmojiKeyboardPlugin.swift in Sources */ = {isa = PBXBuildFile; fileRef = E7F8A9B02F2C3D4E5F6A7B8C9 /* EmojiKeyboardPlugin.swift */; };
		E7F8A9B22F2C3D4E5F6A7B8C9 /* EmojiParser.swift in Sources */ = {isa = PBXBuildFile; fileRef = E7F8A9B32F2C3D4E5F6A7B8C9 /* EmojiParser.swift */; };
		D1E2F3A42F2C3D4E5F6A7B8C9 /* CountdownSyncPlugin.swift in Sources */ = {isa = PBXBuildFile; fileRef = D1E2F3A32F2C3D4E5F6A7B8C9 /* CountdownSyncPlugin.swift */; };
		E8A1B2C3D4E5F67890123456 /* EmojiSuggestionEngine.swift in Sources */ = {isa = PBXBuildFile; fileRef = E8A1B2C3D4E5F67890123457 /* EmojiSuggestionEngine.swift */; };
		E90200000000000000000001 /* AppIntents.strings in Resources */ = {isa = PBXBuildFile; fileRef = E90100000000000000000001 /* AppIntents.strings */; };
		E90200000000000000000002 /* AppIntents.strings in Resources */ = {isa = PBXBuildFile; fileRef = E90100000000000000000002 /* AppIntents.strings */; };
		E90200000000000000000003 /* AppIntents.strings in Resources */ = {isa = PBXBuildFile; fileRef = E90100000000000000000003 /* AppIntents.strings */; };
		E90200000000000000000004 /* AppIntents.strings in Resources */ = {isa = PBXBuildFile; fileRef = E90100000000000000000004 /* AppIntents.strings */; };
		E90200000000000000000005 /* AppIntents.strings in Resources */ = {isa = PBXBuildFile; fileRef = E90100000000000000000005 /* AppIntents.strings */; };
		E90200000000000000000006 /* AppIntents.strings in Resources */ = {isa = PBXBuildFile; fileRef = E90100000000000000000006 /* AppIntents.strings */; };
		E90200000000000000000007 /* AppIntents.strings in Resources */ = {isa = PBXBuildFile; fileRef = E90100000000000000000007 /* AppIntents.strings */; };
		E90200000000000000000008 /* AppIntents.strings in Resources */ = {isa = PBXBuildFile; fileRef = E90100000000000000000008 /* AppIntents.strings */; };
		E90200000000000000000009 /* AppIntents.strings in Resources */ = {isa = PBXBuildFile; fileRef = E90100000000000000000009 /* AppIntents.strings */; };
		E9020000000000000000000A /* AppIntents.strings in Resources */ = {isa = PBXBuildFile; fileRef = E9010000000000000000000A /* AppIntents.strings */; };
		E9020000000000000000000B /* AppIntents.strings in Resources */ = {isa = PBXBuildFile; fileRef = E9010000000000000000000B /* AppIntents.strings */; };
		F1F2F3F4F5F6789012345678 /* SceneDelegate.swift in Sources */ = {isa = PBXBuildFile; fileRef = E1E2E3E4E5F6789012345678 /* SceneDelegate.swift */; };
		FLIPDIG022F0BCF250063570B /* FlipDigitView.swift in Sources */ = {isa = PBXBuildFile; fileRef = FLIPDIG012F0BCF250063570B /* FlipDigitView.swift */; };
		MYVC00001FED79650016851F /* MyViewController.swift in Sources */ = {isa = PBXBuildFile; fileRef = MYVC00002FED79650016851F /* MyViewController.swift */; };
		SETTINGS001FED79650016851F /* Settings.bundle in Resources */ = {isa = PBXBuildFile; fileRef = SETTINGS002FED79650016851F /* Settings.bundle */; };
/* End PBXBuildFile section */

/* Begin PBXContainerItemProxy section */
		C6E0BB07F56CFCC572C1007B /* PBXContainerItemProxy */ = {
			isa = PBXContainerItemProxy;
			containerPortal = 504EC2FC1FED79650016851F /* Project object */;
			proxyType = 1;
			remoteGlobalIDString = C7EF8B9795B3C45B9C98B19F;
			remoteInfo = CountdownWidget;
		};
/* End PBXContainerItemProxy section */

/* Begin PBXCopyFilesBuildPhase section */
		E0A5770BBEA8DEF8DBD0B9D8 /* Embed Foundation Extensions */ = {
			isa = PBXCopyFilesBuildPhase;
			buildActionMask = 2147483647;
			dstPath = "";
			dstSubfolderSpec = 13;
			files = (
				E5DB9B45E898B0A532022637 /* CountdownWidget.appex in Embed Foundation Extensions */,
			);
			name = "Embed Foundation Extensions";
			runOnlyForDeploymentPostprocessing = 0;
		};
/* End PBXCopyFilesBuildPhase section */

/* Begin PBXFileReference section */
		00F122285137C3D8CBC5D174 /* Info.plist */ = {isa = PBXFileReference; includeInIndex = 1; lastKnownFileType = text.plist.xml; path = Info.plist; sourceTree = "<group>"; };
		0D1F3BFBDCF22C9A502EB8FD /* CountdownWidget.appex */ = {isa = PBXFileReference; explicitFileType = "wrapper.app-extension"; includeInIndex = 0; path = CountdownWidget.appex; sourceTree = BUILT_PRODUCTS_DIR; };
		23DE9C22ECC85FF6C0538F38 /* CountdownWidget.swift */ = {isa = PBXFileReference; includeInIndex = 1; lastKnownFileType = sourcecode.swift; path = CountdownWidget.swift; sourceTree = "<group>"; };
		2FAD9762203C412B000D30F8 /* config.xml */ = {isa = PBXFileReference; lastKnownFileType = text.xml; path = config.xml; sourceTree = "<group>"; };
		39BAF9AF5586CBC9A996A007 /* Pods-CountdownWidget.debug.xcconfig */ = {isa = PBXFileReference; includeInIndex = 1; lastKnownFileType = text.xcconfig; name = "Pods-CountdownWidget.debug.xcconfig"; path = "Pods/Target Support Files/Pods-CountdownWidget/Pods-CountdownWidget.debug.xcconfig"; sourceTree = "<group>"; };
		4CCD2CE16498043E24F048D0 /* Pods-CountdownWidget.release.xcconfig */ = {isa = PBXFileReference; includeInIndex = 1; lastKnownFileType = text.xcconfig; name = "Pods-CountdownWidget.release.xcconfig"; path = "Pods/Target Support Files/Pods-CountdownWidget/Pods-CountdownWidget.release.xcconfig"; sourceTree = "<group>"; };
		4D23AAB07AF3F35C72DCC581 /* Foundation.framework */ = {isa = PBXFileReference; lastKnownFileType = wrapper.framework; name = Foundation.framework; path = Platforms/iPhoneOS.platform/Developer/SDKs/iPhoneOS18.0.sdk/System/Library/Frameworks/Foundation.framework; sourceTree = DEVELOPER_DIR; };
		50379B222058CBB4000EE86E /* capacitor.config.json */ = {isa = PBXFileReference; fileEncoding = 4; lastKnownFileType = text.json; path = capacitor.config.json; sourceTree = "<group>"; };
		504EC3041FED79650016851F /* Yet Another Countdown.app */ = {isa = PBXFileReference; explicitFileType = wrapper.application; includeInIndex = 0; path = "Yet Another Countdown.app"; sourceTree = BUILT_PRODUCTS_DIR; };
		504EC3071FED79650016851F /* AppDelegate.swift */ = {isa = PBXFileReference; lastKnownFileType = sourcecode.swift; path = AppDelegate.swift; sourceTree = "<group>"; };
		504EC30C1FED79650016851F /* Base */ = {isa = PBXFileReference; lastKnownFileType = file.storyboard; name = Base; path = Base.lproj/Main.storyboard; sourceTree = "<group>"; };
		504EC30E1FED79650016851F /* Assets.xcassets */ = {isa = PBXFileReference; lastKnownFileType = folder.assetcatalog; path = Assets.xcassets; sourceTree = "<group>"; };
		504EC3111FED79650016851F /* Base */ = {isa = PBXFileReference; lastKnownFileType = file.storyboard; name = Base; path = Base.lproj/LaunchScreen.storyboard; sourceTree = "<group>"; };
		504EC3131FED79650016851F /* Info.plist */ = {isa = PBXFileReference; lastKnownFileType = text.plist.xml; path = Info.plist; sourceTree = "<group>"; };
		50B271D01FEDC1A000F3C39B /* public */ = {isa = PBXFileReference; lastKnownFileType = folder; path = public; sourceTree = "<group>"; };
		584FD88E694BC60AF20B3F93 /* Pods_CountdownWidget.framework */ = {isa = PBXFileReference; explicitFileType = wrapper.framework; includeInIndex = 0; path = Pods_CountdownWidget.framework; sourceTree = BUILT_PRODUCTS_DIR; };
		A1B2C3D4E5F6789012345678 /* PrivacyInfo.xcprivacy */ = {isa = PBXFileReference; lastKnownFileType = text.plist.xml; path = PrivacyInfo.xcprivacy; sourceTree = "<group>"; };
		A60AD3382F1A581900BDE34B /* BuildInfoPlugin.swift */ = {isa = PBXFileReference; lastKnownFileType = sourcecode.swift; path = BuildInfoPlugin.swift; sourceTree = "<group>"; };
		A63D32242F0BCF250063570B /* Assets.xcassets */ = {isa = PBXFileReference; lastKnownFileType = folder.assetcatalog; path = Assets.xcassets; sourceTree = "<group>"; };
		A63D32252F0BCF250063570B /* CountdownEvent.swift */ = {isa = PBXFileReference; lastKnownFileType = sourcecode.swift; path = CountdownEvent.swift; sourceTree = "<group>"; };
		EEE1110000000000000000A1 /* EmojiContainerShape.swift */ = {isa = PBXFileReference; lastKnownFileType = sourcecode.swift; path = EmojiContainerShape.swift; sourceTree = "<group>"; };
		A63D32262F0BCF250063570B /* SelectCountdownIntent.swift */ = {isa = PBXFileReference; lastKnownFileType = sourcecode.swift; path = SelectCountdownIntent.swift; sourceTree = "<group>"; };
		A63D32272F0BCF250063570B /* WidgetDataSync.swift */ = {isa = PBXFileReference; lastKnownFileType = sourcecode.swift; path = WidgetDataSync.swift; sourceTree = "<group>"; };
		A63D32292F0BCF250063570B /* EmptyWidgetView.swift */ = {isa = PBXFileReference; lastKnownFileType = sourcecode.swift; path = EmptyWidgetView.swift; sourceTree = "<group>"; };
		A63D322C2F0BCF250063570B /* MediumWidgetView.swift */ = {isa = PBXFileReference; lastKnownFileType = sourcecode.swift; path = MediumWidgetView.swift; sourceTree = "<group>"; };
		A63D322D2F0BCF250063570B /* SmallWidgetView.swift */ = {isa = PBXFileReference; lastKnownFileType = sourcecode.swift; path = SmallWidgetView.swift; sourceTree = "<group>"; };
		A63D323F2F0BCF250063570B /* LockscreenWidgetView.swift */ = {isa = PBXFileReference; lastKnownFileType = sourcecode.swift; path = LockscreenWidgetView.swift; sourceTree = "<group>"; };
		A63D32382F0BD8350063570B /* App.entitlements */ = {isa = PBXFileReference; lastKnownFileType = text.plist.entitlements; path = App.entitlements; sourceTree = "<group>"; };
		A63D32392F0BD9030063570B /* CountdownWidget.entitlements */ = {isa = PBXFileReference; lastKnownFileType = text.plist.entitlements; path = CountdownWidget.entitlements; sourceTree = "<group>"; };
		A6A592E82F2D2EDC000F4200 /* StoreKit.storekit */ = {isa = PBXFileReference; lastKnownFileType = text; path = StoreKit.storekit; sourceTree = "<group>"; };
		A6D2DE282F0BE052001A82F2 /* CalendarPlugin.swift */ = {isa = PBXFileReference; lastKnownFileType = sourcecode.swift; path = CalendarPlugin.swift; sourceTree = "<group>"; };
		A6D2DE2B2F0BE0B2001A82F2 /* CalendarPlugin.m */ = {isa = PBXFileReference; lastKnownFileType = sourcecode.c.objc; path = CalendarPlugin.m; sourceTree = "<group>"; };
		A7B8C9D02F3E4A5600ABCDEF /* StoreKitDiagnosticsPlugin.swift */ = {isa = PBXFileReference; lastKnownFileType = sourcecode.swift; path = StoreKitDiagnosticsPlugin.swift; sourceTree = "<group>"; };
		AF277DCFFFF123FFC6DF26C7 /* Pods_App.framework */ = {isa = PBXFileReference; explicitFileType = wrapper.framework; includeInIndex = 0; path = Pods_App.framework; sourceTree = BUILT_PRODUCTS_DIR; };
		AF51FD2D460BCFE21FA515B2 /* Pods-App.release.xcconfig */ = {isa = PBXFileReference; includeInIndex = 1; lastKnownFileType = text.xcconfig; name = "Pods-App.release.xcconfig"; path = "Pods/Target Support Files/Pods-App/Pods-App.release.xcconfig"; sourceTree = "<group>"; };
		B1C2D3E4F5A6B7C8D9E0F1A3 /* CountdownIntents.swift */ = {isa = PBXFileReference; lastKnownFileType = sourcecode.swift; path = CountdownIntents.swift; sourceTree = "<group>"; };
		E1E2E3E4E5F6789012345678 /* SceneDelegate.swift */ = {isa = PBXFileReference; lastKnownFileType = sourcecode.swift; path = SceneDelegate.swift; sourceTree = "<group>"; };
		E5F678901234567890ABCD /* PrivacyInfo.xcprivacy */ = {isa = PBXFileReference; lastKnownFileType = text.plist.xml; path = PrivacyInfo.xcprivacy; sourceTree = "<group>"; };
		E7F8A9B02F2C3D4E5F6A7B8C9 /* EmojiKeyboardPlugin.swift */ = {isa = PBXFileReference; lastKnownFileType = sourcecode.swift; path = EmojiKeyboardPlugin.swift; sourceTree = "<group>"; };
		E7F8A9B32F2C3D4E5F6A7B8C9 /* EmojiParser.swift */ = {isa = PBXFileReference; lastKnownFileType = sourcecode.swift; path = EmojiParser.swift; sourceTree = "<group>"; };
		D1E2F3A32F2C3D4E5F6A7B8C9 /* CountdownSyncPlugin.swift */ = {isa = PBXFileReference; lastKnownFileType = sourcecode.swift; path = CountdownSyncPlugin.swift; sourceTree = "<group>"; };
		E8A1B2C3D4E5F67890123457 /* EmojiSuggestionEngine.swift */ = {isa = PBXFileReference; lastKnownFileType = sourcecode.swift; path = EmojiSuggestionEngine.swift; sourceTree = "<group>"; };
		E90100000000000000000001 /* AppIntents.strings */ = {isa = PBXFileReference; lastKnownFileType = text.plist.strings; path = en.lproj/AppIntents.strings; sourceTree = "<group>"; };
		E90100000000000000000002 /* AppIntents.strings */ = {isa = PBXFileReference; lastKnownFileType = text.plist.strings; path = es.lproj/AppIntents.strings; sourceTree = "<group>"; };
		E90100000000000000000003 /* AppIntents.strings */ = {isa = PBXFileReference; lastKnownFileType = text.plist.strings; path = it.lproj/AppIntents.strings; sourceTree = "<group>"; };
		E90100000000000000000004 /* AppIntents.strings */ = {isa = PBXFileReference; lastKnownFileType = text.plist.strings; path = pt.lproj/AppIntents.strings; sourceTree = "<group>"; };
		E90100000000000000000005 /* AppIntents.strings */ = {isa = PBXFileReference; lastKnownFileType = text.plist.strings; path = de.lproj/AppIntents.strings; sourceTree = "<group>"; };
		E90100000000000000000006 /* AppIntents.strings */ = {isa = PBXFileReference; lastKnownFileType = text.plist.strings; path = ru.lproj/AppIntents.strings; sourceTree = "<group>"; };
		E90100000000000000000007 /* AppIntents.strings */ = {isa = PBXFileReference; lastKnownFileType = text.plist.strings; path = fr.lproj/AppIntents.strings; sourceTree = "<group>"; };
		E90100000000000000000008 /* AppIntents.strings */ = {isa = PBXFileReference; lastKnownFileType = text.plist.strings; path = da.lproj/AppIntents.strings; sourceTree = "<group>"; };
		E90100000000000000000009 /* AppIntents.strings */ = {isa = PBXFileReference; lastKnownFileType = text.plist.strings; path = sv.lproj/AppIntents.strings; sourceTree = "<group>"; };
		E9010000000000000000000A /* AppIntents.strings */ = {isa = PBXFileReference; lastKnownFileType = text.plist.strings; path = no.lproj/AppIntents.strings; sourceTree = "<group>"; };
		E9010000000000000000000B /* AppIntents.strings */ = {isa = PBXFileReference; lastKnownFileType = text.plist.strings; path = fi.lproj/AppIntents.strings; sourceTree = "<group>"; };
		FC68EB0AF532CFC21C3344DD /* Pods-App.debug.xcconfig */ = {isa = PBXFileReference; includeInIndex = 1; lastKnownFileType = text.xcconfig; name = "Pods-App.debug.xcconfig"; path = "Pods/Target Support Files/Pods-App/Pods-App.debug.xcconfig"; sourceTree = "<group>"; };
		FLIPDIG012F0BCF250063570B /* FlipDigitView.swift */ = {isa = PBXFileReference; lastKnownFileType = sourcecode.swift; path = FlipDigitView.swift; sourceTree = "<group>"; };
		MYVC00002FED79650016851F /* MyViewController.swift */ = {isa = PBXFileReference; lastKnownFileType = sourcecode.swift; path = MyViewController.swift; sourceTree = "<group>"; };
		SETTINGS002FED79650016851F /* Settings.bundle */ = {isa = PBXFileReference; lastKnownFileType = "wrapper.plug-in"; path = Settings.bundle; sourceTree = "<group>"; };
/* End PBXFileReference section */

/* Begin PBXFrameworksBuildPhase section */
		504EC3011FED79650016851F /* Frameworks */ = {
			isa = PBXFrameworksBuildPhase;
			buildActionMask = 2147483647;
			files = (
				A084ECDBA7D38E1E42DFC39D /* Pods_App.framework in Frameworks */,
			);
			runOnlyForDeploymentPostprocessing = 0;
		};
		560955EF5B81E5137A1A6E34 /* Frameworks */ = {
			isa = PBXFrameworksBuildPhase;
			buildActionMask = 2147483647;
			files = (
				05F7351D5B30880E49CA3FC8 /* Foundation.framework in Frameworks */,
				40897DB8D698C96CB8C49D92 /* Pods_CountdownWidget.framework in Frameworks */,
			);
			runOnlyForDeploymentPostprocessing = 0;
		};
/* End PBXFrameworksBuildPhase section */

/* Begin PBXGroup section */
		27E2DDA53C4D2A4D1A88CE4A /* Frameworks */ = {
			isa = PBXGroup;
			children = (
				AF277DCFFFF123FFC6DF26C7 /* Pods_App.framework */,
				EED3F283830ECDFBE9729B87 /* iOS */,
				584FD88E694BC60AF20B3F93 /* Pods_CountdownWidget.framework */,
			);
			name = Frameworks;
			sourceTree = "<group>";
		};
		504EC2FB1FED79650016851F = {
			isa = PBXGroup;
			children = (
				A6A592E82F2D2EDC000F4200 /* StoreKit.storekit */,
				504EC3061FED79650016851F /* App */,
				504EC3051FED79650016851F /* Products */,
				7F8756D8B27F46E3366F6CEA /* Pods */,
				27E2DDA53C4D2A4D1A88CE4A /* Frameworks */,
				513B79515C25CCF1C89E58CD /* CountdownWidget */,
			);
			sourceTree = "<group>";
		};
		504EC3051FED79650016851F /* Products */ = {
			isa = PBXGroup;
			children = (
				504EC3041FED79650016851F /* Yet Another Countdown.app */,
				0D1F3BFBDCF22C9A502EB8FD /* CountdownWidget.appex */,
			);
			name = Products;
			sourceTree = "<group>";
		};
		504EC3061FED79650016851F /* App */ = {
			isa = PBXGroup;
			children = (
				A63D32382F0BD8350063570B /* App.entitlements */,
				50379B222058CBB4000EE86E /* capacitor.config.json */,
				504EC3071FED79650016851F /* AppDelegate.swift */,
				MYVC00002FED79650016851F /* MyViewController.swift */,
				A7B8C9D02F3E4A5600ABCDEF /* StoreKitDiagnosticsPlugin.swift */,
				A6D2DE2B2F0BE0B2001A82F2 /* CalendarPlugin.m */,
				A6D2DE282F0BE052001A82F2 /* CalendarPlugin.swift */,
				B1C2D3E4F5A6B7C8D9E0F1A3 /* CountdownIntents.swift */,
				504EC30B1FED79650016851F /* Main.storyboard */,
				504EC30E1FED79650016851F /* Assets.xcassets */,
				504EC3101FED79650016851F /* LaunchScreen.storyboard */,
				504EC3131FED79650016851F /* Info.plist */,
				A1B2C3D4E5F6789012345678 /* PrivacyInfo.xcprivacy */,
				2FAD9762203C412B000D30F8 /* config.xml */,
				50B271D01FEDC1A000F3C39B /* public */,
				SETTINGS002FED79650016851F /* Settings.bundle */,
				E90100000000000000000001 /* AppIntents.strings */,
				E90100000000000000000002 /* AppIntents.strings */,
				E90100000000000000000003 /* AppIntents.strings */,
				E90100000000000000000004 /* AppIntents.strings */,
				E90100000000000000000005 /* AppIntents.strings */,
				E90100000000000000000006 /* AppIntents.strings */,
				E90100000000000000000007 /* AppIntents.strings */,
				E90100000000000000000008 /* AppIntents.strings */,
				E90100000000000000000009 /* AppIntents.strings */,
				E9010000000000000000000A /* AppIntents.strings */,
				E9010000000000000000000B /* AppIntents.strings */,
				A60AD3382F1A581900BDE34B /* BuildInfoPlugin.swift */,
				E7F8A9B02F2C3D4E5F6A7B8C9 /* EmojiKeyboardPlugin.swift */,
				E7F8A9B32F2C3D4E5F6A7B8C9 /* EmojiParser.swift */,
				D1E2F3A32F2C3D4E5F6A7B8C9 /* CountdownSyncPlugin.swift */,
				E8A1B2C3D4E5F67890123457 /* EmojiSuggestionEngine.swift */,
				E1E2E3E4E5F6789012345678 /* SceneDelegate.swift */,
			);
			path = App;
			sourceTree = "<group>";
		};
		513B79515C25CCF1C89E58CD /* CountdownWidget */ = {
			isa = PBXGroup;
			children = (
				A63D32392F0BD9030063570B /* CountdownWidget.entitlements */,
				A63D32242F0BCF250063570B /* Assets.xcassets */,
				A63D32282F0BCF250063570B /* Shared */,
				A63D322E2F0BCF250063570B /* Views */,
				00F122285137C3D8CBC5D174 /* Info.plist */,
				23DE9C22ECC85FF6C0538F38 /* CountdownWidget.swift */,
				EEE1110000000000000000A1 /* EmojiContainerShape.swift */,
				E5F678901234567890ABCD /* PrivacyInfo.xcprivacy */,
			);
			path = CountdownWidget;
			sourceTree = "<group>";
		};
		7F8756D8B27F46E3366F6CEA /* Pods */ = {
			isa = PBXGroup;
			children = (
				FC68EB0AF532CFC21C3344DD /* Pods-App.debug.xcconfig */,
				AF51FD2D460BCFE21FA515B2 /* Pods-App.release.xcconfig */,
				4CCD2CE16498043E24F048D0 /* Pods-CountdownWidget.release.xcconfig */,
				39BAF9AF5586CBC9A996A007 /* Pods-CountdownWidget.debug.xcconfig */,
			);
			name = Pods;
			sourceTree = "<group>";
		};
		A63D32282F0BCF250063570B /* Shared */ = {
			isa = PBXGroup;
			children = (
				A63D32252F0BCF250063570B /* CountdownEvent.swift */,
				FLIPDIG012F0BCF250063570B /* FlipDigitView.swift */,
				A63D32262F0BCF250063570B /* SelectCountdownIntent.swift */,
				A63D32272F0BCF250063570B /* WidgetDataSync.swift */,
			);
			path = Shared;
			sourceTree = "<group>";
		};
		A63D322E2F0BCF250063570B /* Views */ = {
			isa = PBXGroup;
			children = (
				A63D32292F0BCF250063570B /* EmptyWidgetView.swift */,
				A63D323F2F0BCF250063570B /* LockscreenWidgetView.swift */,
				A63D322C2F0BCF250063570B /* MediumWidgetView.swift */,
				A63D322D2F0BCF250063570B /* SmallWidgetView.swift */,
			);
			path = Views;
			sourceTree = "<group>";
		};
		EED3F283830ECDFBE9729B87 /* iOS */ = {
			isa = PBXGroup;
			children = (
				4D23AAB07AF3F35C72DCC581 /* Foundation.framework */,
			);
			name = iOS;
			sourceTree = "<group>";
		};
/* End PBXGroup section */

/* Begin PBXNativeTarget section */
		504EC3031FED79650016851F /* App */ = {
			isa = PBXNativeTarget;
			buildConfigurationList = 504EC3161FED79650016851F /* Build configuration list for PBXNativeTarget "App" */;
			buildPhases = (
				6634F4EFEBD30273BCE97C65 /* [CP] Check Pods Manifest.lock */,
				A1B2C3D4E5F6A7B8C9D0E1F2 /* Copy Emoji Locale Data */,
				504EC3001FED79650016851F /* Sources */,
				504EC3011FED79650016851F /* Frameworks */,
				504EC3021FED79650016851F /* Resources */,
				9592DBEFFC6D2A0C8D5DEB22 /* [CP] Embed Pods Frameworks */,
				E0A5770BBEA8DEF8DBD0B9D8 /* Embed Foundation Extensions */,
				23FA8744DE837EE350DBE2B1 /* [CP] Copy Pods Resources */,
			);
			buildRules = (
			);
			dependencies = (
				D3ED55C37E6B86196EFFCDFC /* PBXTargetDependency */,
			);
			name = App;
			productName = App;
			productReference = 504EC3041FED79650016851F /* Yet Another Countdown.app */;
			productType = "com.apple.product-type.application";
		};
		C7EF8B9795B3C45B9C98B19F /* CountdownWidget */ = {
			isa = PBXNativeTarget;
			buildConfigurationList = 6D11C0B04A1D4330486379F3 /* Build configuration list for PBXNativeTarget "CountdownWidget" */;
			buildPhases = (
				2728F8098782F02051711A80 /* [CP] Check Pods Manifest.lock */,
				C47CECB2FBCA9E196856A71E /* Sources */,
				560955EF5B81E5137A1A6E34 /* Frameworks */,
				4797D971D53B9AFD9C9B79F1 /* Resources */,
			);
			buildRules = (
			);
			dependencies = (
			);
			name = CountdownWidget;
			productName = CountdownWidget;
			productReference = 0D1F3BFBDCF22C9A502EB8FD /* CountdownWidget.appex */;
			productType = "com.apple.product-type.app-extension";
		};
/* End PBXNativeTarget section */

/* Begin PBXProject section */
		504EC2FC1FED79650016851F /* Project object */ = {
			isa = PBXProject;
			attributes = {
				BuildIndependentTargetsInParallel = YES;
				LastSwiftUpdateCheck = 0920;
				LastUpgradeCheck = 2630;
				TargetAttributes = {
					504EC3031FED79650016851F = {
						CreatedOnToolsVersion = 9.2;
						LastSwiftMigration = 1100;
						ProvisioningStyle = Automatic;
					};
					C7EF8B9795B3C45B9C98B19F = {
						ProvisioningStyle = Automatic;
					};
				};
			};
			buildConfigurationList = 504EC2FF1FED79650016851F /* Build configuration list for PBXProject "App" */;
			compatibilityVersion = "Xcode 8.0";
			developmentRegion = en;
			hasScannedForEncodings = 0;
			knownRegions = (
				en,
				Base,
			);
			mainGroup = 504EC2FB1FED79650016851F;
			productRefGroup = 504EC3051FED79650016851F /* Products */;
			projectDirPath = "";
			projectRoot = "";
			targets = (
				504EC3031FED79650016851F /* App */,
				C7EF8B9795B3C45B9C98B19F /* CountdownWidget */,
			);
		};
/* End PBXProject section */

/* Begin PBXResourcesBuildPhase section */
		4797D971D53B9AFD9C9B79F1 /* Resources */ = {
			isa = PBXResourcesBuildPhase;
			buildActionMask = 2147483647;
			files = (
				A63D32372F0BCF250063570B /* Assets.xcassets in Resources */,
				D4E5F678901234567890ABCD /* PrivacyInfo.xcprivacy in Resources */,
			);
			runOnlyForDeploymentPostprocessing = 0;
		};
		504EC3021FED79650016851F /* Resources */ = {
			isa = PBXResourcesBuildPhase;
			buildActionMask = 2147483647;
			files = (
				504EC3121FED79650016851F /* LaunchScreen.storyboard in Resources */,
				50B271D11FEDC1A000F3C39B /* public in Resources */,
				504EC30F1FED79650016851F /* Assets.xcassets in Resources */,
				50379B232058CBB4000EE86E /* capacitor.config.json in Resources */,
				504EC30D1FED79650016851F /* Main.storyboard in Resources */,
				2FAD9763203C412B000D30F8 /* config.xml in Resources */,
				SETTINGS001FED79650016851F /* Settings.bundle in Resources */,
				B2C3D4E5F678901234567890A /* PrivacyInfo.xcprivacy in Resources */,
				E90200000000000000000001 /* AppIntents.strings in Resources */,
				E90200000000000000000002 /* AppIntents.strings in Resources */,
				E90200000000000000000003 /* AppIntents.strings in Resources */,
				E90200000000000000000004 /* AppIntents.strings in Resources */,
				E90200000000000000000005 /* AppIntents.strings in Resources */,
				E90200000000000000000006 /* AppIntents.strings in Resources */,
				E90200000000000000000007 /* AppIntents.strings in Resources */,
				E90200000000000000000008 /* AppIntents.strings in Resources */,
				E90200000000000000000009 /* AppIntents.strings in Resources */,
				E9020000000000000000000A /* AppIntents.strings in Resources */,
				E9020000000000000000000B /* AppIntents.strings in Resources */,
			);
			runOnlyForDeploymentPostprocessing = 0;
		};
/* End PBXResourcesBuildPhase section */

/* Begin PBXShellScriptBuildPhase section */
		23FA8744DE837EE350DBE2B1 /* [CP] Copy Pods Resources */ = {
			isa = PBXShellScriptBuildPhase;
			buildActionMask = 2147483647;
			files = (
			);
			inputPaths = (
			);
			name = "[CP] Copy Pods Resources";
			outputPaths = (
			);
			runOnlyForDeploymentPostprocessing = 0;
			shellPath = /bin/sh;
			shellScript = "\"${PODS_ROOT}/Target Support Files/Pods-App/Pods-App-resources.sh\"\n";
			showEnvVarsInLog = 0;
		};
		2728F8098782F02051711A80 /* [CP] Check Pods Manifest.lock */ = {
			isa = PBXShellScriptBuildPhase;
			buildActionMask = 2147483647;
			files = (
			);
			inputFileListPaths = (
			);
			inputPaths = (
				"${PODS_PODFILE_DIR_PATH}/Podfile.lock",
				"${PODS_ROOT}/Manifest.lock",
			);
			name = "[CP] Check Pods Manifest.lock";
			outputFileListPaths = (
			);
			outputPaths = (
				"$(DERIVED_FILE_DIR)/Pods-CountdownWidget-checkManifestLockResult.txt",
			);
			runOnlyForDeploymentPostprocessing = 0;
			shellPath = /bin/sh;
			shellScript = "diff \"${PODS_PODFILE_DIR_PATH}/Podfile.lock\" \"${PODS_ROOT}/Manifest.lock\" > /dev/null\nif [ $? != 0 ] ; then\n    # print error to STDERR\n    echo \"error: The sandbox is not in sync with the Podfile.lock. Run 'pod install' or update your CocoaPods installation.\" >&2\n    exit 1\nfi\n# This output is used by Xcode 'outputs' to avoid re-running this script phase.\necho \"SUCCESS\" > \"${SCRIPT_OUTPUT_FILE_0}\"\n";
			showEnvVarsInLog = 0;
		};
		6634F4EFEBD30273BCE97C65 /* [CP] Check Pods Manifest.lock */ = {
			isa = PBXShellScriptBuildPhase;
			buildActionMask = 2147483647;
			files = (
			);
			inputPaths = (
				"${PODS_PODFILE_DIR_PATH}/Podfile.lock",
				"${PODS_ROOT}/Manifest.lock",
			);
			name = "[CP] Check Pods Manifest.lock";
			outputPaths = (
				"$(DERIVED_FILE_DIR)/Pods-App-checkManifestLockResult.txt",
			);
			runOnlyForDeploymentPostprocessing = 0;
			shellPath = /bin/sh;
			shellScript = "diff \"${PODS_PODFILE_DIR_PATH}/Podfile.lock\" \"${PODS_ROOT}/Manifest.lock\" > /dev/null\nif [ $? != 0 ] ; then\n    # print error to STDERR\n    echo \"error: The sandbox is not in sync with the Podfile.lock. Run 'pod install' or update your CocoaPods installation.\" >&2\n    exit 1\nfi\n# This output is used by Xcode 'outputs' to avoid re-running this script phase.\necho \"SUCCESS\" > \"${SCRIPT_OUTPUT_FILE_0}\"\n";
			showEnvVarsInLog = 0;
		};
		9592DBEFFC6D2A0C8D5DEB22 /* [CP] Embed Pods Frameworks */ = {
			isa = PBXShellScriptBuildPhase;
			buildActionMask = 2147483647;
			files = (
			);
			inputPaths = (
			);
			name = "[CP] Embed Pods Frameworks";
			outputPaths = (
			);
			runOnlyForDeploymentPostprocessing = 0;
			shellPath = /bin/sh;
			shellScript = "\"${PODS_ROOT}/Target Support Files/Pods-App/Pods-App-frameworks.sh\"\n";
			showEnvVarsInLog = 0;
		};
		A1B2C3D4E5F6A7B8C9D0E1F2 /* Copy Emoji Locale Data */ = {
			isa = PBXShellScriptBuildPhase;
			buildActionMask = 2147483647;
			files = (
			);
			inputPaths = (
				"$(PODS_PODFILE_DIR_PATH)/../../node_modules/emojibase-data/en/compact.json",
				"$(PODS_PODFILE_DIR_PATH)/../../node_modules/emojibase-data/es/compact.json",
				"$(PODS_PODFILE_DIR_PATH)/../../node_modules/emojibase-data/it/compact.json",
				"$(PODS_PODFILE_DIR_PATH)/../../node_modules/emojibase-data/pt/compact.json",
				"$(PODS_PODFILE_DIR_PATH)/../../node_modules/emojibase-data/de/compact.json",
				"$(PODS_PODFILE_DIR_PATH)/../../node_modules/emojibase-data/ru/compact.json",
				"$(PODS_PODFILE_DIR_PATH)/../../node_modules/emojibase-data/fr/compact.json",
				"$(PODS_PODFILE_DIR_PATH)/../../node_modules/emojibase-data/da/compact.json",
				"$(PODS_PODFILE_DIR_PATH)/../../node_modules/emojibase-data/sv/compact.json",
				"$(PODS_PODFILE_DIR_PATH)/../../node_modules/emojibase-data/fi/compact.json",
				"$(PODS_PODFILE_DIR_PATH)/../../node_modules/emojibase-data/nb/compact.json",
			);
			name = "Copy Emoji Locale Data";
			outputPaths = (
				"$(TARGET_BUILD_DIR)/$(UNLOCALIZED_RESOURCES_FOLDER_PATH)/emoji-compact-en.json",
				"$(TARGET_BUILD_DIR)/$(UNLOCALIZED_RESOURCES_FOLDER_PATH)/emoji-compact-es.json",
				"$(TARGET_BUILD_DIR)/$(UNLOCALIZED_RESOURCES_FOLDER_PATH)/emoji-compact-it.json",
				"$(TARGET_BUILD_DIR)/$(UNLOCALIZED_RESOURCES_FOLDER_PATH)/emoji-compact-pt.json",
				"$(TARGET_BUILD_DIR)/$(UNLOCALIZED_RESOURCES_FOLDER_PATH)/emoji-compact-de.json",
				"$(TARGET_BUILD_DIR)/$(UNLOCALIZED_RESOURCES_FOLDER_PATH)/emoji-compact-ru.json",
				"$(TARGET_BUILD_DIR)/$(UNLOCALIZED_RESOURCES_FOLDER_PATH)/emoji-compact-fr.json",
				"$(TARGET_BUILD_DIR)/$(UNLOCALIZED_RESOURCES_FOLDER_PATH)/emoji-compact-da.json",
				"$(TARGET_BUILD_DIR)/$(UNLOCALIZED_RESOURCES_FOLDER_PATH)/emoji-compact-sv.json",
				"$(TARGET_BUILD_DIR)/$(UNLOCALIZED_RESOURCES_FOLDER_PATH)/emoji-compact-fi.json",
				"$(TARGET_BUILD_DIR)/$(UNLOCALIZED_RESOURCES_FOLDER_PATH)/emoji-compact-no.json",
			);
			runOnlyForDeploymentPostprocessing = 0;
			shellPath = /bin/sh;
			shellScript = "set -e\n\nSOURCE_DIR=\"${PODS_PODFILE_DIR_PATH}/../../node_modules/emojibase-data\"\nDEST_DIR=\"${TARGET_BUILD_DIR}/${UNLOCALIZED_RESOURCES_FOLDER_PATH}\"\n\nif [ ! -d \"${SOURCE_DIR}\" ]; then\n  echo \"warning: emojibase-data not found at ${SOURCE_DIR}\"\n  exit 0\nfi\n\nmkdir -p \"${DEST_DIR}\"\n\nLOCALES=(en es it pt de ru fr da sv fi nb)\n\nfor locale in \"${LOCALES[@]}\"; do\n  src=\"${SOURCE_DIR}/${locale}/compact.json\"\n  if [ -f \"${src}\" ]; then\n    destLocale=\"${locale}\"\n    if [ \"${locale}\" = \"nb\" ]; then\n      destLocale=\"no\"\n    fi\n    cp \"${src}\" \"${DEST_DIR}/emoji-compact-${destLocale}.json\"\n  else\n    echo \"warning: missing emoji locale ${locale} at ${src}\"\n  fi\ndone\n";
			showEnvVarsInLog = 0;
		};
/* End PBXShellScriptBuildPhase section */

/* Begin PBXSourcesBuildPhase section */
		504EC3001FED79650016851F /* Sources */ = {
			isa = PBXSourcesBuildPhase;
			buildActionMask = 2147483647;
			files = (
				A6D2DE2A2F0BE052001A82F2 /* CalendarPlugin.swift in Sources */,
				A7B8C9D12F3E4A5600ABCDEF /* StoreKitDiagnosticsPlugin.swift in Sources */,
				B1C2D3E4F5A6B7C8D9E0F1A2 /* CountdownIntents.swift in Sources */,
				MYVC00001FED79650016851F /* MyViewController.swift in Sources */,
				A60AD3392F1A581900BDE34B /* BuildInfoPlugin.swift in Sources */,
				E7F8A9B12F2C3D4E5F6A7B8C9 /* EmojiKeyboardPlugin.swift in Sources */,
				E7F8A9B22F2C3D4E5F6A7B8C9 /* EmojiParser.swift in Sources */,
				D1E2F3A42F2C3D4E5F6A7B8C9 /* CountdownSyncPlugin.swift in Sources */,
				E8A1B2C3D4E5F67890123456 /* EmojiSuggestionEngine.swift in Sources */,
				504EC3081FED79650016851F /* AppDelegate.swift in Sources */,
				F1F2F3F4F5F6789012345678 /* SceneDelegate.swift in Sources */,
			);
			runOnlyForDeploymentPostprocessing = 0;
		};
		C47CECB2FBCA9E196856A71E /* Sources */ = {
			isa = PBXSourcesBuildPhase;
			buildActionMask = 2147483647;
			files = (
				A63D32362F0BCF250063570B /* CountdownEvent.swift in Sources */,
				EEE1110000000000000000A2 /* EmojiContainerShape.swift in Sources */,
				FLIPDIG022F0BCF250063570B /* FlipDigitView.swift in Sources */,
				A63D32302F0BCF250063570B /* SmallWidgetView.swift in Sources */,
				A63D32352F0BCF250063570B /* WidgetDataSync.swift in Sources */,
				A63D32332F0BCF250063570B /* EmptyWidgetView.swift in Sources */,
				A63D32342F0BCF250063570B /* MediumWidgetView.swift in Sources */,
				A63D32402F0BCF250063570B /* LockscreenWidgetView.swift in Sources */,
				A63D32312F0BCF250063570B /* SelectCountdownIntent.swift in Sources */,
				B6174CD4190B08F557A8B211 /* CountdownWidget.swift in Sources */,
			);
			runOnlyForDeploymentPostprocessing = 0;
		};
/* End PBXSourcesBuildPhase section */

/* Begin PBXTargetDependency section */
		D3ED55C37E6B86196EFFCDFC /* PBXTargetDependency */ = {
			isa = PBXTargetDependency;
			name = CountdownWidget;
			target = C7EF8B9795B3C45B9C98B19F /* CountdownWidget */;
			targetProxy = C6E0BB07F56CFCC572C1007B /* PBXContainerItemProxy */;
		};
/* End PBXTargetDependency section */

/* Begin PBXVariantGroup section */
		504EC30B1FED79650016851F /* Main.storyboard */ = {
			isa = PBXVariantGroup;
			children = (
				504EC30C1FED79650016851F /* Base */,
			);
			name = Main.storyboard;
			sourceTree = "<group>";
		};
		504EC3101FED79650016851F /* LaunchScreen.storyboard */ = {
			isa = PBXVariantGroup;
			children = (
				504EC3111FED79650016851F /* Base */,
			);
			name = LaunchScreen.storyboard;
			sourceTree = "<group>";
		};
/* End PBXVariantGroup section */

/* Begin XCBuildConfiguration section */
		38EB30060431CE0FD2DA08E5 /* Debug */ = {
			isa = XCBuildConfiguration;
			baseConfigurationReference = 39BAF9AF5586CBC9A996A007 /* Pods-CountdownWidget.debug.xcconfig */;
			buildSettings = {
				CLANG_ENABLE_OBJC_WEAK = NO;
				CODE_SIGN_ENTITLEMENTS = CountdownWidget/CountdownWidget.entitlements;
				CODE_SIGN_IDENTITY = "Apple Development";
				CODE_SIGN_STYLE = Automatic;
				DEVELOPMENT_TEAM = 5N8M677RB6;
				INFOPLIST_FILE = CountdownWidget/Info.plist;
				IPHONEOS_DEPLOYMENT_TARGET = 16.0;
				LD_RUNPATH_SEARCH_PATHS = (
					"$(inherited)",
					"@executable_path/Frameworks",
					"@executable_path/../../Frameworks",
				);
				PRIVACY_MANIFEST_FILE = CountdownWidget/PrivacyInfo.xcprivacy;
				PRODUCT_BUNDLE_IDENTIFIER = com.jonatanbjerrekaer.countdown.CountdownWidget;
				PRODUCT_NAME = CountdownWidget;
				PROVISIONING_PROFILE_SPECIFIER = "";
				SDKROOT = iphoneos;
				SKIP_INSTALL = YES;
				SWIFT_VERSION = 5.0;
				TARGETED_DEVICE_FAMILY = 1;
			};
			name = Debug;
		};
		504EC3141FED79650016851F /* Debug */ = {
			isa = XCBuildConfiguration;
			buildSettings = {
				ALWAYS_SEARCH_USER_PATHS = NO;
				CLANG_ANALYZER_NONNULL = YES;
				CLANG_ANALYZER_NUMBER_OBJECT_CONVERSION = YES_AGGRESSIVE;
				CLANG_CXX_LANGUAGE_STANDARD = "gnu++14";
				CLANG_CXX_LIBRARY = "libc++";
				CLANG_ENABLE_MODULES = YES;
				CLANG_ENABLE_OBJC_ARC = YES;
				CLANG_WARN_BLOCK_CAPTURE_AUTORELEASING = YES;
				CLANG_WARN_BOOL_CONVERSION = YES;
				CLANG_WARN_COMMA = YES;
				CLANG_WARN_CONSTANT_CONVERSION = YES;
				CLANG_WARN_DEPRECATED_OBJC_IMPLEMENTATIONS = YES;
				CLANG_WARN_DIRECT_OBJC_ISA_USAGE = YES_ERROR;
				CLANG_WARN_DOCUMENTATION_COMMENTS = YES;
				CLANG_WARN_EMPTY_BODY = YES;
				CLANG_WARN_ENUM_CONVERSION = YES;
				CLANG_WARN_INFINITE_RECURSION = YES;
				CLANG_WARN_INT_CONVERSION = YES;
				CLANG_WARN_NON_LITERAL_NULL_CONVERSION = YES;
				CLANG_WARN_OBJC_IMPLICIT_RETAIN_SELF = YES;
				CLANG_WARN_OBJC_LITERAL_CONVERSION = YES;
				CLANG_WARN_OBJC_ROOT_CLASS = YES_ERROR;
				CLANG_WARN_QUOTED_INCLUDE_IN_FRAMEWORK_HEADER = YES;
				CLANG_WARN_RANGE_LOOP_ANALYSIS = YES;
				CLANG_WARN_STRICT_PROTOTYPES = YES;
				CLANG_WARN_SUSPICIOUS_MOVE = YES;
				CLANG_WARN_UNGUARDED_AVAILABILITY = YES_AGGRESSIVE;
				CLANG_WARN_UNREACHABLE_CODE = YES;
				CLANG_WARN__DUPLICATE_METHOD_MATCH = YES;
				COPY_PHASE_STRIP = NO;
				DEBUG_INFORMATION_FORMAT = dwarf;
				ENABLE_STRICT_OBJC_MSGSEND = YES;
				ENABLE_TESTABILITY = YES;
				ENABLE_USER_SCRIPT_SANDBOXING = YES;
				GCC_C_LANGUAGE_STANDARD = gnu11;
				GCC_DYNAMIC_NO_PIC = NO;
				GCC_NO_COMMON_BLOCKS = YES;
				GCC_OPTIMIZATION_LEVEL = 0;
				GCC_PREPROCESSOR_DEFINITIONS = (
					"DEBUG=1",
					"$(inherited)",
				);
				GCC_WARN_64_TO_32_BIT_CONVERSION = YES;
				GCC_WARN_ABOUT_RETURN_TYPE = YES_ERROR;
				GCC_WARN_UNDECLARED_SELECTOR = YES;
				GCC_WARN_UNINITIALIZED_AUTOS = YES_AGGRESSIVE;
				GCC_WARN_UNUSED_FUNCTION = YES;
				GCC_WARN_UNUSED_VARIABLE = YES;
				IPHONEOS_DEPLOYMENT_TARGET = 15.0;
				MTL_ENABLE_DEBUG_INFO = YES;
				ONLY_ACTIVE_ARCH = YES;
				SDKROOT = iphoneos;
				STRING_CATALOG_GENERATE_SYMBOLS = YES;
				SWIFT_ACTIVE_COMPILATION_CONDITIONS = DEBUG;
				SWIFT_OPTIMIZATION_LEVEL = "-Onone";
			};
			name = Debug;
		};
		504EC3151FED79650016851F /* Release */ = {
			isa = XCBuildConfiguration;
			buildSettings = {
				ALWAYS_SEARCH_USER_PATHS = NO;
				CLANG_ANALYZER_NONNULL = YES;
				CLANG_ANALYZER_NUMBER_OBJECT_CONVERSION = YES_AGGRESSIVE;
				CLANG_CXX_LANGUAGE_STANDARD = "gnu++14";
				CLANG_CXX_LIBRARY = "libc++";
				CLANG_ENABLE_MODULES = YES;
				CLANG_ENABLE_OBJC_ARC = YES;
				CLANG_WARN_BLOCK_CAPTURE_AUTORELEASING = YES;
				CLANG_WARN_BOOL_CONVERSION = YES;
				CLANG_WARN_COMMA = YES;
				CLANG_WARN_CONSTANT_CONVERSION = YES;
				CLANG_WARN_DEPRECATED_OBJC_IMPLEMENTATIONS = YES;
				CLANG_WARN_DIRECT_OBJC_ISA_USAGE = YES_ERROR;
				CLANG_WARN_DOCUMENTATION_COMMENTS = YES;
				CLANG_WARN_EMPTY_BODY = YES;
				CLANG_WARN_ENUM_CONVERSION = YES;
				CLANG_WARN_INFINITE_RECURSION = YES;
				CLANG_WARN_INT_CONVERSION = YES;
				CLANG_WARN_NON_LITERAL_NULL_CONVERSION = YES;
				CLANG_WARN_OBJC_IMPLICIT_RETAIN_SELF = YES;
				CLANG_WARN_OBJC_LITERAL_CONVERSION = YES;
				CLANG_WARN_OBJC_ROOT_CLASS = YES_ERROR;
				CLANG_WARN_QUOTED_INCLUDE_IN_FRAMEWORK_HEADER = YES;
				CLANG_WARN_RANGE_LOOP_ANALYSIS = YES;
				CLANG_WARN_STRICT_PROTOTYPES = YES;
				CLANG_WARN_SUSPICIOUS_MOVE = YES;
				CLANG_WARN_UNGUARDED_AVAILABILITY = YES_AGGRESSIVE;
				CLANG_WARN_UNREACHABLE_CODE = YES;
				CLANG_WARN__DUPLICATE_METHOD_MATCH = YES;
				COPY_PHASE_STRIP = NO;
				DEBUG_INFORMATION_FORMAT = "dwarf-with-dsym";
				ENABLE_NS_ASSERTIONS = NO;
				ENABLE_STRICT_OBJC_MSGSEND = YES;
				ENABLE_USER_SCRIPT_SANDBOXING = YES;
				GCC_C_LANGUAGE_STANDARD = gnu11;
				GCC_NO_COMMON_BLOCKS = YES;
				GCC_WARN_64_TO_32_BIT_CONVERSION = YES;
				GCC_WARN_ABOUT_RETURN_TYPE = YES_ERROR;
				GCC_WARN_UNDECLARED_SELECTOR = YES;
				GCC_WARN_UNINITIALIZED_AUTOS = YES_AGGRESSIVE;
				GCC_WARN_UNUSED_FUNCTION = YES;
				GCC_WARN_UNUSED_VARIABLE = YES;
				IPHONEOS_DEPLOYMENT_TARGET = 15.0;
				MTL_ENABLE_DEBUG_INFO = NO;
				SDKROOT = iphoneos;
				STRING_CATALOG_GENERATE_SYMBOLS = YES;
				SWIFT_COMPILATION_MODE = wholemodule;
				SWIFT_OPTIMIZATION_LEVEL = "-O";
				VALIDATE_PRODUCT = YES;
			};
			name = Release;
		};
		504EC3171FED79650016851F /* Debug */ = {
			isa = XCBuildConfiguration;
			baseConfigurationReference = FC68EB0AF532CFC21C3344DD /* Pods-App.debug.xcconfig */;
			buildSettings = {
				ASSETCATALOG_COMPILER_APPICON_NAME = AppIcon;
				CODE_SIGN_ENTITLEMENTS = App/App.entitlements;
				CODE_SIGN_IDENTITY = "Apple Development";
				CODE_SIGN_STYLE = Automatic;
				CURRENT_PROJECT_VERSION = 50;
				DEVELOPMENT_TEAM = 5N8M677RB6;
				ENABLE_USER_SCRIPT_SANDBOXING = NO;
				INFOPLIST_FILE = App/Info.plist;
				IPHONEOS_DEPLOYMENT_TARGET = 15.0;
				LD_RUNPATH_SEARCH_PATHS = (
					"$(inherited)",
					"@executable_path/Frameworks",
				);
				MARKETING_VERSION = 2026.7.13;
				OTHER_SWIFT_FLAGS = "$(inherited) \"-D\" \"COCOAPODS\" \"-DDEBUG\"";
				PRIVACY_MANIFEST_FILE = App/PrivacyInfo.xcprivacy;
				PRODUCT_BUNDLE_IDENTIFIER = com.jonatanbjerrekaer.countdown;
				PRODUCT_NAME = "Yet Another Countdown";
				PROVISIONING_PROFILE_SPECIFIER = "";
				SWIFT_ACTIVE_COMPILATION_CONDITIONS = DEBUG;
				SWIFT_VERSION = 5.0;
				TARGETED_DEVICE_FAMILY = 1;
			};
			name = Debug;
		};
		504EC3181FED79650016851F /* Release */ = {
			isa = XCBuildConfiguration;
			baseConfigurationReference = AF51FD2D460BCFE21FA515B2 /* Pods-App.release.xcconfig */;
			buildSettings = {
				ASSETCATALOG_COMPILER_APPICON_NAME = AppIcon;
				CODE_SIGN_ENTITLEMENTS = App/App.entitlements;
				"CODE_SIGN_IDENTITY[sdk=iphoneos*]" = "iPhone Distribution";
				CODE_SIGN_STYLE = Manual;
				CURRENT_PROJECT_VERSION = 50;
				DEVELOPMENT_TEAM = "";
				"DEVELOPMENT_TEAM[sdk=iphoneos*]" = 5N8M677RB6;
				ENABLE_USER_SCRIPT_SANDBOXING = NO;
				INFOPLIST_FILE = App/Info.plist;
				IPHONEOS_DEPLOYMENT_TARGET = 15.0;
				LD_RUNPATH_SEARCH_PATHS = (
					"$(inherited)",
					"@executable_path/Frameworks",
				);
				MARKETING_VERSION = 2026.7.13;
				PRIVACY_MANIFEST_FILE = App/PrivacyInfo.xcprivacy;
				PRODUCT_BUNDLE_IDENTIFIER = com.jonatanbjerrekaer.countdown;
				PRODUCT_NAME = "Yet Another Countdown";
				PROVISIONING_PROFILE_SPECIFIER = "";
				"PROVISIONING_PROFILE_SPECIFIER[sdk=iphoneos*]" = "AppStore Countdown";
				SWIFT_ACTIVE_COMPILATION_CONDITIONS = "";
				SWIFT_VERSION = 5.0;
				TARGETED_DEVICE_FAMILY = 1;
			};
			name = Release;
		};
		82B27421A88658987F8EE96C /* Release */ = {
			isa = XCBuildConfiguration;
			baseConfigurationReference = 4CCD2CE16498043E24F048D0 /* Pods-CountdownWidget.release.xcconfig */;
			buildSettings = {
				CLANG_ENABLE_OBJC_WEAK = NO;
				CODE_SIGN_ENTITLEMENTS = CountdownWidget/CountdownWidget.entitlements;
				CODE_SIGN_IDENTITY = "Apple Distribution";
				CODE_SIGN_STYLE = Manual;
				DEVELOPMENT_TEAM = 5N8M677RB6;
				INFOPLIST_FILE = CountdownWidget/Info.plist;
				IPHONEOS_DEPLOYMENT_TARGET = 16.0;
				LD_RUNPATH_SEARCH_PATHS = (
					"$(inherited)",
					"@executable_path/Frameworks",
					"@executable_path/../../Frameworks",
				);
				PRIVACY_MANIFEST_FILE = CountdownWidget/PrivacyInfo.xcprivacy;
				PRODUCT_BUNDLE_IDENTIFIER = com.jonatanbjerrekaer.countdown.CountdownWidget;
				PRODUCT_NAME = CountdownWidget;
				PROVISIONING_PROFILE_SPECIFIER = "AppStore CountdownWidget";
				SDKROOT = iphoneos;
				SKIP_INSTALL = YES;
				SWIFT_VERSION = 5.0;
				TARGETED_DEVICE_FAMILY = 1;
				VALIDATE_PRODUCT = YES;
			};
			name = Release;
		};
/* End XCBuildConfiguration section */

/* Begin XCConfigurationList section */
		504EC2FF1FED79650016851F /* Build configuration list for PBXProject "App" */ = {
			isa = XCConfigurationList;
			buildConfigurations = (
				504EC3141FED79650016851F /* Debug */,
				504EC3151FED79650016851F /* Release */,
			);
			defaultConfigurationIsVisible = 0;
			defaultConfigurationName = Release;
		};
		504EC3161FED79650016851F /* Build configuration list for PBXNativeTarget "App" */ = {
			isa = XCConfigurationList;
			buildConfigurations = (
				504EC3171FED79650016851F /* Debug */,
				504EC3181FED79650016851F /* Release */,
			);
			defaultConfigurationIsVisible = 0;
			defaultConfigurationName = Release;
		};
		6D11C0B04A1D4330486379F3 /* Build configuration list for PBXNativeTarget "CountdownWidget" */ = {
			isa = XCConfigurationList;
			buildConfigurations = (
				82B27421A88658987F8EE96C /* Release */,
				38EB30060431CE0FD2DA08E5 /* Debug */,
			);
			defaultConfigurationIsVisible = 0;
			defaultConfigurationName = Release;
		};
/* End XCConfigurationList section */
	};
	rootObject = 504EC2FC1FED79650016851F /* Project object */;
}
